
Microsoft Visual Studio Solution File, Format Version 12.00
# Visual Studio Version 16
VisualStudioVersion = 16.0.30223.230
MinimumVisualStudioVersion = 10.0.40219.1
Project("{9A19103F-16F7-4668-BE54-9A1E7A4F7556}") = "APIAspNetCore5", "APIAspNetCore5\APIAspNetCore5.csproj", "{D57BE2C9-1E9E-471B-BAD6-747F8821393B}"
EndProject
Project("{E53339B2-1760-4266-BCC7-CA923CBCF16C}") = "docker-compose", "docker-compose.dcproj", "{F984AEBB-2221-44A1-8367-C69BA6AC0DC5}"
EndProject
Global
	GlobalSection(SolutionConfigurationPlatforms) = preSolution
		Debug|Any CPU = Debug|Any CPU
		Release|Any CPU = Release|Any CPU
	EndGlobalSection
	GlobalSection(ProjectConfigurationPlatforms) = postSolution
		{D57BE2C9-1E9E-471B-BAD6-747F8821393B}.Debug|Any CPU.ActiveCfg = Debug|Any CPU
		{D57BE2C9-1E9E-471B-BAD6-747F8821393B}.Debug|Any CPU.Build.0 = Debug|Any CPU
		{D57BE2C9-1E9E-471B-BAD6-747F8821393B}.Release|Any CPU.ActiveCfg = Release|Any CPU
		{D57BE2C9-1E9E-471B-BAD6-747F8821393B}.Release|Any CPU.Build.0 = Release|Any CPU
		{F984AEBB-2221-44A1-8367-C69BA6AC0DC5}.Debug|Any CPU.ActiveCfg = Debug|Any CPU
		{F984AEBB-2221-44A1-8367-C69BA6AC0DC5}.Debug|Any CPU.Build.0 = Debug|Any CPU
		{F984AEBB-2221-44A1-8367-C69BA6AC0DC5}.Release|Any CPU.ActiveCfg = Release|Any CPU
		{F984AEBB-2221-44A1-8367-C69BA6AC0DC5}.Release|Any CPU.Build.0 = Release|Any CPU
	EndGlobalSection
	GlobalSection(SolutionProperties) = preSolution
		HideSolutionNode = FALSE
	EndGlobalSection
	GlobalSection(ExtensibilityGlobals) = postSolution
		SolutionGuid = {9DC6E867-9DBC-4F0C-9C46-945A6A79020C}
	EndGlobalSection
EndGlobal
